
Microsoft Visual Studio Solution File, Format Version 12.00
# Visual Studio Version 17
VisualStudioVersion = 17.7.34221.43
MinimumVisualStudioVersion = 10.0.40219.1
Project("{2150E333-8FDC-42A3-9474-1A3956D46DE8}") = "Infrastructure", "Infrastructure", "{C0039889-772E-41A0-B95F-4971535F2A3C}"
EndProject
Project("{2150E333-8FDC-42A3-9474-1A3956D46DE8}") = "Domain", "Domain", "{37744025-3928-4B0A-99E4-C2A663D18BB7}"
EndProject
Project("{2150E333-8FDC-42A3-9474-1A3956D46DE8}") = "Application", "Application", "{A4706DA6-9129-4487-A422-F69083217F6E}"
EndProject
Project("{9A19103F-16F7-4668-BE54-9A1E7A4F7556}") = "Infrastructure", "Infrastructure\Infrastructure.csproj", "{27B0E705-D0F5-4B06-AE5B-59EE13A8056F}"
EndProject
Project("{9A19103F-16F7-4668-BE54-9A1E7A4F7556}") = "RealEstate.Domain", "RealEstate.Domain\RealEstate.Domain.csproj", "{84DD0568-E7B9-447F-93E3-CF00678CEF3E}"
EndProject
Project("{9A19103F-16F7-4668-BE54-9A1E7A4F7556}") = "RealEstate.Application", "RealEstate.Application\RealEstate.Application.csproj", "{3A9D009F-29F4-47E8-B71C-01D6C4A5770B}"
EndProject
Project("{2150E333-8FDC-42A3-9474-1A3956D46DE8}") = "Core", "Core", "{543BC591-5C51-4A98-84FC-B00FA5509613}"
EndProject
Project("{2150E333-8FDC-42A3-9474-1A3956D46DE8}") = "src", "src", "{A1C74473-A0E9-4987-9475-AB73957028CB}"
EndProject
Project("{2150E333-8FDC-42A3-9474-1A3956D46DE8}") = "API", "API", "{D0F50FEF-A2D8-4A34-B33B-7E9B9ECCAE65}"
EndProject
Project("{2150E333-8FDC-42A3-9474-1A3956D46DE8}") = "UI", "UI", "{6E4F37D1-42DB-4DDA-88D5-5A027BFFEC46}"
EndProject
Global
	GlobalSection(SolutionConfigurationPlatforms) = preSolution
		Debug|Any CPU = Debug|Any CPU
		Release|Any CPU = Release|Any CPU
	EndGlobalSection
	GlobalSection(ProjectConfigurationPlatforms) = postSolution
		{27B0E705-D0F5-4B06-AE5B-59EE13A8056F}.Debug|Any CPU.ActiveCfg = Debug|Any CPU
		{27B0E705-D0F5-4B06-AE5B-59EE13A8056F}.Debug|Any CPU.Build.0 = Debug|Any CPU
		{27B0E705-D0F5-4B06-AE5B-59EE13A8056F}.Release|Any CPU.ActiveCfg = Release|Any CPU
		{27B0E705-D0F5-4B06-AE5B-59EE13A8056F}.Release|Any CPU.Build.0 = Release|Any CPU
		{84DD0568-E7B9-447F-93E3-CF00678CEF3E}.Debug|Any CPU.ActiveCfg = Debug|Any CPU
		{84DD0568-E7B9-447F-93E3-CF00678CEF3E}.Debug|Any CPU.Build.0 = Debug|Any CPU
		{84DD0568-E7B9-447F-93E3-CF00678CEF3E}.Release|Any CPU.ActiveCfg = Release|Any CPU
		{84DD0568-E7B9-447F-93E3-CF00678CEF3E}.Release|Any CPU.Build.0 = Release|Any CPU
		{3A9D009F-29F4-47E8-B71C-01D6C4A5770B}.Debug|Any CPU.ActiveCfg = Debug|Any CPU
		{3A9D009F-29F4-47E8-B71C-01D6C4A5770B}.Debug|Any CPU.Build.0 = Debug|Any CPU
		{3A9D009F-29F4-47E8-B71C-01D6C4A5770B}.Release|Any CPU.ActiveCfg = Release|Any CPU
		{3A9D009F-29F4-47E8-B71C-01D6C4A5770B}.Release|Any CPU.Build.0 = Release|Any CPU
	EndGlobalSection
	GlobalSection(SolutionProperties) = preSolution
		HideSolutionNode = FALSE
	EndGlobalSection
	GlobalSection(NestedProjects) = preSolution
		{C0039889-772E-41A0-B95F-4971535F2A3C} = {A1C74473-A0E9-4987-9475-AB73957028CB}
		{37744025-3928-4B0A-99E4-C2A663D18BB7} = {543BC591-5C51-4A98-84FC-B00FA5509613}
		{A4706DA6-9129-4487-A422-F69083217F6E} = {543BC591-5C51-4A98-84FC-B00FA5509613}
		{27B0E705-D0F5-4B06-AE5B-59EE13A8056F} = {C0039889-772E-41A0-B95F-4971535F2A3C}
		{84DD0568-E7B9-447F-93E3-CF00678CEF3E} = {37744025-3928-4B0A-99E4-C2A663D18BB7}
		{3A9D009F-29F4-47E8-B71C-01D6C4A5770B} = {A4706DA6-9129-4487-A422-F69083217F6E}
		{543BC591-5C51-4A98-84FC-B00FA5509613} = {A1C74473-A0E9-4987-9475-AB73957028CB}
		{D0F50FEF-A2D8-4A34-B33B-7E9B9ECCAE65} = {A1C74473-A0E9-4987-9475-AB73957028CB}
		{6E4F37D1-42DB-4DDA-88D5-5A027BFFEC46} = {A1C74473-A0E9-4987-9475-AB73957028CB}
	EndGlobalSection
	GlobalSection(ExtensibilityGlobals) = postSolution
		SolutionGuid = {72CC4DE2-922D-4E76-98F2-8C0E816E2775}
	EndGlobalSection
EndGlobal
