
Microsoft Visual Studio Solution File, Format Version 12.00
# Visual Studio Version 17
VisualStudioVersion = 17.7.34221.43
MinimumVisualStudioVersion = 10.0.40219.1
Project("{2150E333-8FDC-42A3-9474-1A3956D46DE8}") = "src", "src", "{9D5E81FA-0CDB-415D-ABF0-ED9FD9EA8AE6}"
EndProject
Project("{2150E333-8FDC-42A3-9474-1A3956D46DE8}") = "tests", "tests", "{0F309884-6568-49B0-B1A7-F696BC6588C0}"
EndProject
Project("{2150E333-8FDC-42A3-9474-1A3956D46DE8}") = "Core", "Core", "{DEC78897-6889-4157-A91E-E959D2FFC20A}"
EndProject
Project("{2150E333-8FDC-42A3-9474-1A3956D46DE8}") = "Infrastructure", "Infrastructure", "{94F57C6C-1C82-4068-958B-733195DA9147}"
EndProject
Project("{2150E333-8FDC-42A3-9474-1A3956D46DE8}") = "UI", "UI", "{B1A70033-B856-4BBF-B08A-E56A70CCE9B5}"
EndProject
Project("{2150E333-8FDC-42A3-9474-1A3956D46DE8}") = "Application", "Application", "{A7773BE0-72BB-4D6F-BEA4-3D9D3D857149}"
EndProject
Project("{2150E333-8FDC-42A3-9474-1A3956D46DE8}") = "Domain", "Domain", "{EAB1310D-EDF5-49AF-838E-F80CDC9A45D7}"
EndProject
Project("{9A19103F-16F7-4668-BE54-9A1E7A4F7556}") = "Partial.Application", "Partial.Application\Partial.Application.csproj", "{E5C50959-2828-4721-BE16-EBA69729CFD0}"
EndProject
Project("{9A19103F-16F7-4668-BE54-9A1E7A4F7556}") = "Partial.Domain", "Partial.Domain\Partial.Domain.csproj", "{A4C68869-5CEA-4F44-89B0-5277FFFA01CB}"
EndProject
Project("{9A19103F-16F7-4668-BE54-9A1E7A4F7556}") = "Partial.Infrastructure", "Partial.Infrastructure\Partial.Infrastructure.csproj", "{8AAC165F-1BC7-46EA-A89E-B95C21F3E715}"
EndProject
Project("{2150E333-8FDC-42A3-9474-1A3956D46DE8}") = "API", "API", "{8525EADC-1A28-4583-A505-F5F62574C595}"
EndProject
Project("{FAE04EC0-301F-11D3-BF4B-00C04F79EFBC}") = "Partial.API", "Partial.API\Partial.API.csproj", "{D452EE42-3E71-40AF-84CE-E846C70997E1}"
EndProject
Global
	GlobalSection(SolutionConfigurationPlatforms) = preSolution
		Debug|Any CPU = Debug|Any CPU
		Release|Any CPU = Release|Any CPU
	EndGlobalSection
	GlobalSection(ProjectConfigurationPlatforms) = postSolution
		{E5C50959-2828-4721-BE16-EBA69729CFD0}.Debug|Any CPU.ActiveCfg = Debug|Any CPU
		{E5C50959-2828-4721-BE16-EBA69729CFD0}.Debug|Any CPU.Build.0 = Debug|Any CPU
		{E5C50959-2828-4721-BE16-EBA69729CFD0}.Release|Any CPU.ActiveCfg = Release|Any CPU
		{E5C50959-2828-4721-BE16-EBA69729CFD0}.Release|Any CPU.Build.0 = Release|Any CPU
		{A4C68869-5CEA-4F44-89B0-5277FFFA01CB}.Debug|Any CPU.ActiveCfg = Debug|Any CPU
		{A4C68869-5CEA-4F44-89B0-5277FFFA01CB}.Debug|Any CPU.Build.0 = Debug|Any CPU
		{A4C68869-5CEA-4F44-89B0-5277FFFA01CB}.Release|Any CPU.ActiveCfg = Release|Any CPU
		{A4C68869-5CEA-4F44-89B0-5277FFFA01CB}.Release|Any CPU.Build.0 = Release|Any CPU
		{8AAC165F-1BC7-46EA-A89E-B95C21F3E715}.Debug|Any CPU.ActiveCfg = Debug|Any CPU
		{8AAC165F-1BC7-46EA-A89E-B95C21F3E715}.Debug|Any CPU.Build.0 = Debug|Any CPU
		{8AAC165F-1BC7-46EA-A89E-B95C21F3E715}.Release|Any CPU.ActiveCfg = Release|Any CPU
		{8AAC165F-1BC7-46EA-A89E-B95C21F3E715}.Release|Any CPU.Build.0 = Release|Any CPU
		{D452EE42-3E71-40AF-84CE-E846C70997E1}.Debug|Any CPU.ActiveCfg = Debug|Any CPU
		{D452EE42-3E71-40AF-84CE-E846C70997E1}.Debug|Any CPU.Build.0 = Debug|Any CPU
		{D452EE42-3E71-40AF-84CE-E846C70997E1}.Release|Any CPU.ActiveCfg = Release|Any CPU
		{D452EE42-3E71-40AF-84CE-E846C70997E1}.Release|Any CPU.Build.0 = Release|Any CPU
	EndGlobalSection
	GlobalSection(SolutionProperties) = preSolution
		HideSolutionNode = FALSE
	EndGlobalSection
	GlobalSection(NestedProjects) = preSolution
		{DEC78897-6889-4157-A91E-E959D2FFC20A} = {9D5E81FA-0CDB-415D-ABF0-ED9FD9EA8AE6}
		{94F57C6C-1C82-4068-958B-733195DA9147} = {9D5E81FA-0CDB-415D-ABF0-ED9FD9EA8AE6}
		{B1A70033-B856-4BBF-B08A-E56A70CCE9B5} = {9D5E81FA-0CDB-415D-ABF0-ED9FD9EA8AE6}
		{A7773BE0-72BB-4D6F-BEA4-3D9D3D857149} = {DEC78897-6889-4157-A91E-E959D2FFC20A}
		{EAB1310D-EDF5-49AF-838E-F80CDC9A45D7} = {DEC78897-6889-4157-A91E-E959D2FFC20A}
		{E5C50959-2828-4721-BE16-EBA69729CFD0} = {A7773BE0-72BB-4D6F-BEA4-3D9D3D857149}
		{A4C68869-5CEA-4F44-89B0-5277FFFA01CB} = {EAB1310D-EDF5-49AF-838E-F80CDC9A45D7}
		{8AAC165F-1BC7-46EA-A89E-B95C21F3E715} = {94F57C6C-1C82-4068-958B-733195DA9147}
		{8525EADC-1A28-4583-A505-F5F62574C595} = {9D5E81FA-0CDB-415D-ABF0-ED9FD9EA8AE6}
		{D452EE42-3E71-40AF-84CE-E846C70997E1} = {8525EADC-1A28-4583-A505-F5F62574C595}
	EndGlobalSection
	GlobalSection(ExtensibilityGlobals) = postSolution
		SolutionGuid = {71F9E702-B402-4AEB-96A5-D26972D3FBC4}
	EndGlobalSection
EndGlobal
